// !$*UTF8*$!
{
	archiveVersion = 1;
	classes = {
	};
	objectVersion = 56;
	objects = {

/* Begin PBXBuildFile section */
		8CC3B1FD2ADFE3A20069F67E /* AppDelegate.swift in Sources */ = {isa = PBXBuildFile; fileRef = 8CC3B1FC2ADFE3A20069F67E /* AppDelegate.swift */; };
		8CC3B1FF2ADFE3A20069F67E /* SceneDelegate.swift in Sources */ = {isa = PBXBuildFile; fileRef = 8CC3B1FE2ADFE3A20069F67E /* SceneDelegate.swift */; };
		8CC3B2012ADFE3A20069F67E /* ViewController.swift in Sources */ = {isa = PBXBuildFile; fileRef = 8CC3B2002ADFE3A20069F67E /* ViewController.swift */; };
		8CC3B2042ADFE3A20069F67E /* Main.storyboard in Resources */ = {isa = PBXBuildFile; fileRef = 8CC3B2022ADFE3A20069F67E /* Main.storyboard */; };
		8CC3B2062ADFE3A40069F67E /* Assets.xcassets in Resources */ = {isa = PBXBuildFile; fileRef = 8CC3B2052ADFE3A40069F67E /* Assets.xcassets */; };
		8CC3B2092ADFE3A40069F67E /* LaunchScreen.storyboard in Resources */ = {isa = PBXBuildFile; fileRef = 8CC3B2072ADFE3A40069F67E /* LaunchScreen.storyboard */; };
		8CC3B2142ADFE3A40069F67E /* XCODECloudSampleiOSTests.swift in Sources */ = {isa = PBXBuildFile; fileRef = 8CC3B2132ADFE3A40069F67E /* XCODECloudSampleiOSTests.swift */; };
		8CC3B21E2ADFE3A40069F67E /* XCODECloudSampleiOSUITests.swift in Sources */ = {isa = PBXBuildFile; fileRef = 8CC3B21D2ADFE3A40069F67E /* XCODECloudSampleiOSUITests.swift */; };
		8CC3B2202ADFE3A40069F67E /* XCODECloudSampleiOSUITestsLaunchTests.swift in Sources */ = {isa = PBXBuildFile; fileRef = 8CC3B21F2ADFE3A40069F67E /* XCODECloudSampleiOSUITestsLaunchTests.swift */; };
		9010A1F52AB88EB16B650DAE /* Pods_XCODECloudSampleiOS_XCODECloudSampleiOSUITests.framework in Frameworks */ = {isa = PBXBuildFile; fileRef = A773AFDE9DDFD6A3FBAF5CD9 /* Pods_XCODECloudSampleiOS_XCODECloudSampleiOSUITests.framework */; };
		9EDD08DCB9C30DC609DA91B0 /* Pods_XCODECloudSampleiOSTests.framework in Frameworks */ = {isa = PBXBuildFile; fileRef = 015BFD7A67D6D93503E8EF25 /* Pods_XCODECloudSampleiOSTests.framework */; };
		D179AC6B8728DA1D52B87EE8 /* Pods_XCODECloudSampleiOS.framework in Frameworks */ = {isa = PBXBuildFile; fileRef = 7B7996F5FDE19C4314284AE5 /* Pods_XCODECloudSampleiOS.framework */; };
/* End PBXBuildFile section */

/* Begin PBXContainerItemProxy section */
		8CC3B2102ADFE3A40069F67E /* PBXContainerItemProxy */ = {
			isa = PBXContainerItemProxy;
			containerPortal = 8CC3B1F12ADFE3A20069F67E /* Project object */;
			proxyType = 1;
			remoteGlobalIDString = 8CC3B1F82ADFE3A20069F67E;
			remoteInfo = XCODECloudSampleiOS;
		};
		8CC3B21A2ADFE3A40069F67E /* PBXContainerItemProxy */ = {
			isa = PBXContainerItemProxy;
			containerPortal = 8CC3B1F12ADFE3A20069F67E /* Project object */;
			proxyType = 1;
			remoteGlobalIDString = 8CC3B1F82ADFE3A20069F67E;
			remoteInfo = XCODECloudSampleiOS;
		};
/* End PBXContainerItemProxy section */

/* Begin PBXFileReference section */
		015BFD7A67D6D93503E8EF25 /* Pods_XCODECloudSampleiOSTests.framework */ = {isa = PBXFileReference; explicitFileType = wrapper.framework; includeInIndex = 0; path = Pods_XCODECloudSampleiOSTests.framework; sourceTree = BUILT_PRODUCTS_DIR; };
		3FDD621A2A97465F536201FB /* Pods-XCODECloudSampleiOS.debug.xcconfig */ = {isa = PBXFileReference; includeInIndex = 1; lastKnownFileType = text.xcconfig; name = "Pods-XCODECloudSampleiOS.debug.xcconfig"; path = "Target Support Files/Pods-XCODECloudSampleiOS/Pods-XCODECloudSampleiOS.debug.xcconfig"; sourceTree = "<group>"; };
		52C74E11913B15137DD0046D /* Pods-XCODECloudSampleiOSTests.release.xcconfig */ = {isa = PBXFileReference; includeInIndex = 1; lastKnownFileType = text.xcconfig; name = "Pods-XCODECloudSampleiOSTests.release.xcconfig"; path = "Target Support Files/Pods-XCODECloudSampleiOSTests/Pods-XCODECloudSampleiOSTests.release.xcconfig"; sourceTree = "<group>"; };
		72DF1198E95BF816049B8EA2 /* Pods-XCODECloudSampleiOS-XCODECloudSampleiOSUITests.release.xcconfig */ = {isa = PBXFileReference; includeInIndex = 1; lastKnownFileType = text.xcconfig; name = "Pods-XCODECloudSampleiOS-XCODECloudSampleiOSUITests.release.xcconfig"; path = "Target Support Files/Pods-XCODECloudSampleiOS-XCODECloudSampleiOSUITests/Pods-XCODECloudSampleiOS-XCODECloudSampleiOSUITests.release.xcconfig"; sourceTree = "<group>"; };
		7B7996F5FDE19C4314284AE5 /* Pods_XCODECloudSampleiOS.framework */ = {isa = PBXFileReference; explicitFileType = wrapper.framework; includeInIndex = 0; path = Pods_XCODECloudSampleiOS.framework; sourceTree = BUILT_PRODUCTS_DIR; };
		8CC3B1F92ADFE3A20069F67E /* XCODECloudSampleiOS.app */ = {isa = PBXFileReference; explicitFileType = wrapper.application; includeInIndex = 0; path = XCODECloudSampleiOS.app; sourceTree = BUILT_PRODUCTS_DIR; };
		8CC3B1FC2ADFE3A20069F67E /* AppDelegate.swift */ = {isa = PBXFileReference; lastKnownFileType = sourcecode.swift; path = AppDelegate.swift; sourceTree = "<group>"; };
		8CC3B1FE2ADFE3A20069F67E /* SceneDelegate.swift */ = {isa = PBXFileReference; lastKnownFileType = sourcecode.swift; path = SceneDelegate.swift; sourceTree = "<group>"; };
		8CC3B2002ADFE3A20069F67E /* ViewController.swift */ = {isa = PBXFileReference; lastKnownFileType = sourcecode.swift; path = ViewController.swift; sourceTree = "<group>"; };
		8CC3B2032ADFE3A20069F67E /* Base */ = {isa = PBXFileReference; lastKnownFileType = file.storyboard; name = Base; path = Base.lproj/Main.storyboard; sourceTree = "<group>"; };
		8CC3B2052ADFE3A40069F67E /* Assets.xcassets */ = {isa = PBXFileReference; lastKnownFileType = folder.assetcatalog; path = Assets.xcassets; sourceTree = "<group>"; };
		8CC3B2082ADFE3A40069F67E /* Base */ = {isa = PBXFileReference; lastKnownFileType = file.storyboard; name = Base; path = Base.lproj/LaunchScreen.storyboard; sourceTree = "<group>"; };
		8CC3B20A2ADFE3A40069F67E /* Info.plist */ = {isa = PBXFileReference; lastKnownFileType = text.plist.xml; path = Info.plist; sourceTree = "<group>"; };
		8CC3B20F2ADFE3A40069F67E /* XCODECloudSampleiOSTests.xctest */ = {isa = PBXFileReference; explicitFileType = wrapper.cfbundle; includeInIndex = 0; path = XCODECloudSampleiOSTests.xctest; sourceTree = BUILT_PRODUCTS_DIR; };
		8CC3B2132ADFE3A40069F67E /* XCODECloudSampleiOSTests.swift */ = {isa = PBXFileReference; lastKnownFileType = sourcecode.swift; path = XCODECloudSampleiOSTests.swift; sourceTree = "<group>"; };
		8CC3B2192ADFE3A40069F67E /* XCODECloudSampleiOSUITests.xctest */ = {isa = PBXFileReference; explicitFileType = wrapper.cfbundle; includeInIndex = 0; path = XCODECloudSampleiOSUITests.xctest; sourceTree = BUILT_PRODUCTS_DIR; };
		8CC3B21D2ADFE3A40069F67E /* XCODECloudSampleiOSUITests.swift */ = {isa = PBXFileReference; lastKnownFileType = sourcecode.swift; path = XCODECloudSampleiOSUITests.swift; sourceTree = "<group>"; };
		8CC3B21F2ADFE3A40069F67E /* XCODECloudSampleiOSUITestsLaunchTests.swift */ = {isa = PBXFileReference; lastKnownFileType = sourcecode.swift; path = XCODECloudSampleiOSUITestsLaunchTests.swift; sourceTree = "<group>"; };
		A773AFDE9DDFD6A3FBAF5CD9 /* Pods_XCODECloudSampleiOS_XCODECloudSampleiOSUITests.framework */ = {isa = PBXFileReference; explicitFileType = wrapper.framework; includeInIndex = 0; path = Pods_XCODECloudSampleiOS_XCODECloudSampleiOSUITests.framework; sourceTree = BUILT_PRODUCTS_DIR; };
		C97CE7B040C72B70828AF6BE /* Pods-XCODECloudSampleiOS-XCODECloudSampleiOSUITests.debug.xcconfig */ = {isa = PBXFileReference; includeInIndex = 1; lastKnownFileType = text.xcconfig; name = "Pods-XCODECloudSampleiOS-XCODECloudSampleiOSUITests.debug.xcconfig"; path = "Target Support Files/Pods-XCODECloudSampleiOS-XCODECloudSampleiOSUITests/Pods-XCODECloudSampleiOS-XCODECloudSampleiOSUITests.debug.xcconfig"; sourceTree = "<group>"; };
		CB8453343698DD09C844710D /* Pods-XCODECloudSampleiOSTests.debug.xcconfig */ = {isa = PBXFileReference; includeInIndex = 1; lastKnownFileType = text.xcconfig; name = "Pods-XCODECloudSampleiOSTests.debug.xcconfig"; path = "Target Support Files/Pods-XCODECloudSampleiOSTests/Pods-XCODECloudSampleiOSTests.debug.xcconfig"; sourceTree = "<group>"; };
		F47288E8CD89213A68C6750A /* Pods-XCODECloudSampleiOS.release.xcconfig */ = {isa = PBXFileReference; includeInIndex = 1; lastKnownFileType = text.xcconfig; name = "Pods-XCODECloudSampleiOS.release.xcconfig"; path = "Target Support Files/Pods-XCODECloudSampleiOS/Pods-XCODECloudSampleiOS.release.xcconfig"; sourceTree = "<group>"; };
/* End PBXFileReference section */

/* Begin PBXFrameworksBuildPhase section */
		8CC3B1F62ADFE3A20069F67E /* Frameworks */ = {
			isa = PBXFrameworksBuildPhase;
			buildActionMask = 2147483647;
			files = (
				D179AC6B8728DA1D52B87EE8 /* Pods_XCODECloudSampleiOS.framework in Frameworks */,
			);
			runOnlyForDeploymentPostprocessing = 0;
		};
		8CC3B20C2ADFE3A40069F67E /* Frameworks */ = {
			isa = PBXFrameworksBuildPhase;
			buildActionMask = 2147483647;
			files = (
				9EDD08DCB9C30DC609DA91B0 /* Pods_XCODECloudSampleiOSTests.framework in Frameworks */,
			);
			runOnlyForDeploymentPostprocessing = 0;
		};
		8CC3B2162ADFE3A40069F67E /* Frameworks */ = {
			isa = PBXFrameworksBuildPhase;
			buildActionMask = 2147483647;
			files = (
				9010A1F52AB88EB16B650DAE /* Pods_XCODECloudSampleiOS_XCODECloudSampleiOSUITests.framework in Frameworks */,
			);
			runOnlyForDeploymentPostprocessing = 0;
		};
/* End PBXFrameworksBuildPhase section */

/* Begin PBXGroup section */
		46153EF90E602BBC53D32E3A /* Pods */ = {
			isa = PBXGroup;
			children = (
				3FDD621A2A97465F536201FB /* Pods-XCODECloudSampleiOS.debug.xcconfig */,
				F47288E8CD89213A68C6750A /* Pods-XCODECloudSampleiOS.release.xcconfig */,
				C97CE7B040C72B70828AF6BE /* Pods-XCODECloudSampleiOS-XCODECloudSampleiOSUITests.debug.xcconfig */,
				72DF1198E95BF816049B8EA2 /* Pods-XCODECloudSampleiOS-XCODECloudSampleiOSUITests.release.xcconfig */,
				CB8453343698DD09C844710D /* Pods-XCODECloudSampleiOSTests.debug.xcconfig */,
				52C74E11913B15137DD0046D /* Pods-XCODECloudSampleiOSTests.release.xcconfig */,
			);
			name = Pods;
			path = Pods;
			sourceTree = "<group>";
		};
		8CC3B1F02ADFE3A20069F67E = {
			isa = PBXGroup;
			children = (
				8CC3B1FB2ADFE3A20069F67E /* XCODECloudSampleiOS */,
				8CC3B2122ADFE3A40069F67E /* XCODECloudSampleiOSTests */,
				8CC3B21C2ADFE3A40069F67E /* XCODECloudSampleiOSUITests */,
				8CC3B1FA2ADFE3A20069F67E /* Products */,
				46153EF90E602BBC53D32E3A /* Pods */,
				A66E11BC41A203011C3EFC4D /* Frameworks */,
			);
			sourceTree = "<group>";
		};
		8CC3B1FA2ADFE3A20069F67E /* Products */ = {
			isa = PBXGroup;
			children = (
				8CC3B1F92ADFE3A20069F67E /* XCODECloudSampleiOS.app */,
				8CC3B20F2ADFE3A40069F67E /* XCODECloudSampleiOSTests.xctest */,
				8CC3B2192ADFE3A40069F67E /* XCODECloudSampleiOSUITests.xctest */,
			);
			name = Products;
			sourceTree = "<group>";
		};
		8CC3B1FB2ADFE3A20069F67E /* XCODECloudSampleiOS */ = {
			isa = PBXGroup;
			children = (
				8CC3B1FC2ADFE3A20069F67E /* AppDelegate.swift */,
				8CC3B1FE2ADFE3A20069F67E /* SceneDelegate.swift */,
				8CC3B2002ADFE3A20069F67E /* ViewController.swift */,
				8CC3B2022ADFE3A20069F67E /* Main.storyboard */,
				8CC3B2052ADFE3A40069F67E /* Assets.xcassets */,
				8CC3B2072ADFE3A40069F67E /* LaunchScreen.storyboard */,
				8CC3B20A2ADFE3A40069F67E /* Info.plist */,
			);
			path = XCODECloudSampleiOS;
			sourceTree = "<group>";
		};
		8CC3B2122ADFE3A40069F67E /* XCODECloudSampleiOSTests */ = {
			isa = PBXGroup;
			children = (
				8CC3B2132ADFE3A40069F67E /* XCODECloudSampleiOSTests.swift */,
			);
			path = XCODECloudSampleiOSTests;
			sourceTree = "<group>";
		};
		8CC3B21C2ADFE3A40069F67E /* XCODECloudSampleiOSUITests */ = {
			isa = PBXGroup;
			children = (
				8CC3B21D2ADFE3A40069F67E /* XCODECloudSampleiOSUITests.swift */,
				8CC3B21F2ADFE3A40069F67E /* XCODECloudSampleiOSUITestsLaunchTests.swift */,
			);
			path = XCODECloudSampleiOSUITests;
			sourceTree = "<group>";
		};
		A66E11BC41A203011C3EFC4D /* Frameworks */ = {
			isa = PBXGroup;
			children = (
				7B7996F5FDE19C4314284AE5 /* Pods_XCODECloudSampleiOS.framework */,
				A773AFDE9DDFD6A3FBAF5CD9 /* Pods_XCODECloudSampleiOS_XCODECloudSampleiOSUITests.framework */,
				015BFD7A67D6D93503E8EF25 /* Pods_XCODECloudSampleiOSTests.framework */,
			);
			name = Frameworks;
			sourceTree = "<group>";
		};
/* End PBXGroup section */

/* Begin PBXNativeTarget section */
		8CC3B1F82ADFE3A20069F67E /* XCODECloudSampleiOS */ = {
			isa = PBXNativeTarget;
			buildConfigurationList = 8CC3B2232ADFE3A40069F67E /* Build configuration list for PBXNativeTarget "XCODECloudSampleiOS" */;
			buildPhases = (
				0E4227A0F53B513342BB1CD4 /* [CP] Check Pods Manifest.lock */,
				8CC3B1F52ADFE3A20069F67E /* Sources */,
				8CC3B1F62ADFE3A20069F67E /* Frameworks */,
				8CC3B1F72ADFE3A20069F67E /* Resources */,
			);
			buildRules = (
			);
			dependencies = (
			);
			name = XCODECloudSampleiOS;
			productName = XCODECloudSampleiOS;
			productReference = 8CC3B1F92ADFE3A20069F67E /* XCODECloudSampleiOS.app */;
			productType = "com.apple.product-type.application";
		};
		8CC3B20E2ADFE3A40069F67E /* XCODECloudSampleiOSTests */ = {
			isa = PBXNativeTarget;
			buildConfigurationList = 8CC3B2262ADFE3A40069F67E /* Build configuration list for PBXNativeTarget "XCODECloudSampleiOSTests" */;
			buildPhases = (
				A46FFD267B058B539BF3BBBE /* [CP] Check Pods Manifest.lock */,
				8CC3B20B2ADFE3A40069F67E /* Sources */,
				8CC3B20C2ADFE3A40069F67E /* Frameworks */,
				8CC3B20D2ADFE3A40069F67E /* Resources */,
			);
			buildRules = (
			);
			dependencies = (
				8CC3B2112ADFE3A40069F67E /* PBXTargetDependency */,
			);
			name = XCODECloudSampleiOSTests;
			productName = XCODECloudSampleiOSTests;
			productReference = 8CC3B20F2ADFE3A40069F67E /* XCODECloudSampleiOSTests.xctest */;
			productType = "com.apple.product-type.bundle.unit-test";
		};
		8CC3B2182ADFE3A40069F67E /* XCODECloudSampleiOSUITests */ = {
			isa = PBXNativeTarget;
			buildConfigurationList = 8CC3B2292ADFE3A40069F67E /* Build configuration list for PBXNativeTarget "XCODECloudSampleiOSUITests" */;
			buildPhases = (
				772E3537897581880463C503 /* [CP] Check Pods Manifest.lock */,
				8CC3B2152ADFE3A40069F67E /* Sources */,
				8CC3B2162ADFE3A40069F67E /* Frameworks */,
				8CC3B2172ADFE3A40069F67E /* Resources */,
			);
			buildRules = (
			);
			dependencies = (
				8CC3B21B2ADFE3A40069F67E /* PBXTargetDependency */,
			);
			name = XCODECloudSampleiOSUITests;
			productName = XCODECloudSampleiOSUITests;
			productReference = 8CC3B2192ADFE3A40069F67E /* XCODECloudSampleiOSUITests.xctest */;
			productType = "com.apple.product-type.bundle.ui-testing";
		};
/* End PBXNativeTarget section */

/* Begin PBXProject section */
		8CC3B1F12ADFE3A20069F67E /* Project object */ = {
			isa = PBXProject;
			attributes = {
				BuildIndependentTargetsInParallel = 1;
				LastSwiftUpdateCheck = 1430;
				LastUpgradeCheck = 1430;
				TargetAttributes = {
					8CC3B1F82ADFE3A20069F67E = {
						CreatedOnToolsVersion = 14.3.1;
					};
					8CC3B20E2ADFE3A40069F67E = {
						CreatedOnToolsVersion = 14.3.1;
						TestTargetID = 8CC3B1F82ADFE3A20069F67E;
					};
					8CC3B2182ADFE3A40069F67E = {
						CreatedOnToolsVersion = 14.3.1;
						TestTargetID = 8CC3B1F82ADFE3A20069F67E;
					};
				};
			};
			buildConfigurationList = 8CC3B1F42ADFE3A20069F67E /* Build configuration list for PBXProject "XCODECloudSampleiOS" */;
			compatibilityVersion = "Xcode 14.0";
			developmentRegion = en;
			hasScannedForEncodings = 0;
			knownRegions = (
				en,
				Base,
			);
			mainGroup = 8CC3B1F02ADFE3A20069F67E;
			productRefGroup = 8CC3B1FA2ADFE3A20069F67E /* Products */;
			projectDirPath = "";
			projectRoot = "";
			targets = (
				8CC3B1F82ADFE3A20069F67E /* XCODECloudSampleiOS */,
				8CC3B20E2ADFE3A40069F67E /* XCODECloudSampleiOSTests */,
				8CC3B2182ADFE3A40069F67E /* XCODECloudSampleiOSUITests */,
			);
		};
/* End PBXProject section */

/* Begin PBXResourcesBuildPhase section */
		8CC3B1F72ADFE3A20069F67E /* Resources */ = {
			isa = PBXResourcesBuildPhase;
			buildActionMask = 2147483647;
			files = (
				8CC3B2092ADFE3A40069F67E /* LaunchScreen.storyboard in Resources */,
				8CC3B2062ADFE3A40069F67E /* Assets.xcassets in Resources */,
				8CC3B2042ADFE3A20069F67E /* Main.storyboard in Resources */,
			);
			runOnlyForDeploymentPostprocessing = 0;
		};
		8CC3B20D2ADFE3A40069F67E /* Resources */ = {
			isa = PBXResourcesBuildPhase;
			buildActionMask = 2147483647;
			files = (
			);
			runOnlyForDeploymentPostprocessing = 0;
		};
		8CC3B2172ADFE3A40069F67E /* Resources */ = {
			isa = PBXResourcesBuildPhase;
			buildActionMask = 2147483647;
			files = (
			);
			runOnlyForDeploymentPostprocessing = 0;
		};
/* End PBXResourcesBuildPhase section */

/* Begin PBXShellScriptBuildPhase section */
		0E4227A0F53B513342BB1CD4 /* [CP] Check Pods Manifest.lock */ = {
			isa = PBXShellScriptBuildPhase;
			buildActionMask = 2147483647;
			files = (
			);
			inputFileListPaths = (
			);
			inputPaths = (
				"${PODS_PODFILE_DIR_PATH}/Podfile.lock",
				"${PODS_ROOT}/Manifest.lock",
			);
			name = "[CP] Check Pods Manifest.lock";
			outputFileListPaths = (
			);
			outputPaths = (
				"$(DERIVED_FILE_DIR)/Pods-XCODECloudSampleiOS-checkManifestLockResult.txt",
			);
			runOnlyForDeploymentPostprocessing = 0;
			shellPath = /bin/sh;
			shellScript = "diff \"${PODS_PODFILE_DIR_PATH}/Podfile.lock\" \"${PODS_ROOT}/Manifest.lock\" > /dev/null\nif [ $? != 0 ] ; then\n    # print error to STDERR\n    echo \"error: The sandbox is not in sync with the Podfile.lock. Run 'pod install' or update your CocoaPods installation.\" >&2\n    exit 1\nfi\n# This output is used by Xcode 'outputs' to avoid re-running this script phase.\necho \"SUCCESS\" > \"${SCRIPT_OUTPUT_FILE_0}\"\n";
			showEnvVarsInLog = 0;
		};
		772E3537897581880463C503 /* [CP] Check Pods Manifest.lock */ = {
			isa = PBXShellScriptBuildPhase;
			buildActionMask = 2147483647;
			files = (
			);
			inputFileListPaths = (
			);
			inputPaths = (
				"${PODS_PODFILE_DIR_PATH}/Podfile.lock",
				"${PODS_ROOT}/Manifest.lock",
			);
			name = "[CP] Check Pods Manifest.lock";
			outputFileListPaths = (
			);
			outputPaths = (
				"$(DERIVED_FILE_DIR)/Pods-XCODECloudSampleiOS-XCODECloudSampleiOSUITests-checkManifestLockResult.txt",
			);
			runOnlyForDeploymentPostprocessing = 0;
			shellPath = /bin/sh;
			shellScript = "diff \"${PODS_PODFILE_DIR_PATH}/Podfile.lock\" \"${PODS_ROOT}/Manifest.lock\" > /dev/null\nif [ $? != 0 ] ; then\n    # print error to STDERR\n    echo \"error: The sandbox is not in sync with the Podfile.lock. Run 'pod install' or update your CocoaPods installation.\" >&2\n    exit 1\nfi\n# This output is used by Xcode 'outputs' to avoid re-running this script phase.\necho \"SUCCESS\" > \"${SCRIPT_OUTPUT_FILE_0}\"\n";
			showEnvVarsInLog = 0;
		};
		A46FFD267B058B539BF3BBBE /* [CP] Check Pods Manifest.lock */ = {
			isa = PBXShellScriptBuildPhase;
			buildActionMask = 2147483647;
			files = (
			);
			inputFileListPaths = (
			);
			inputPaths = (
				"${PODS_PODFILE_DIR_PATH}/Podfile.lock",
				"${PODS_ROOT}/Manifest.lock",
			);
			name = "[CP] Check Pods Manifest.lock";
			outputFileListPaths = (
			);
			outputPaths = (
				"$(DERIVED_FILE_DIR)/Pods-XCODECloudSampleiOSTests-checkManifestLockResult.txt",
			);
			runOnlyForDeploymentPostprocessing = 0;
			shellPath = /bin/sh;
			shellScript = "diff \"${PODS_PODFILE_DIR_PATH}/Podfile.lock\" \"${PODS_ROOT}/Manifest.lock\" > /dev/null\nif [ $? != 0 ] ; then\n    # print error to STDERR\n    echo \"error: The sandbox is not in sync with the Podfile.lock. Run 'pod install' or update your CocoaPods installation.\" >&2\n    exit 1\nfi\n# This output is used by Xcode 'outputs' to avoid re-running this script phase.\necho \"SUCCESS\" > \"${SCRIPT_OUTPUT_FILE_0}\"\n";
			showEnvVarsInLog = 0;
		};
/* End PBXShellScriptBuildPhase section */

/* Begin PBXSourcesBuildPhase section */
		8CC3B1F52ADFE3A20069F67E /* Sources */ = {
			isa = PBXSourcesBuildPhase;
			buildActionMask = 2147483647;
			files = (
				8CC3B2012ADFE3A20069F67E /* ViewController.swift in Sources */,
				8CC3B1FD2ADFE3A20069F67E /* AppDelegate.swift in Sources */,
				8CC3B1FF2ADFE3A20069F67E /* SceneDelegate.swift in Sources */,
			);
			runOnlyForDeploymentPostprocessing = 0;
		};
		8CC3B20B2ADFE3A40069F67E /* Sources */ = {
			isa = PBXSourcesBuildPhase;
			buildActionMask = 2147483647;
			files = (
				8CC3B2142ADFE3A40069F67E /* XCODECloudSampleiOSTests.swift in Sources */,
			);
			runOnlyForDeploymentPostprocessing = 0;
		};
		8CC3B2152ADFE3A40069F67E /* Sources */ = {
			isa = PBXSourcesBuildPhase;
			buildActionMask = 2147483647;
			files = (
				8CC3B2202ADFE3A40069F67E /* XCODECloudSampleiOSUITestsLaunchTests.swift in Sources */,
				8CC3B21E2ADFE3A40069F67E /* XCODECloudSampleiOSUITests.swift in Sources */,
			);
			runOnlyForDeploymentPostprocessing = 0;
		};
/* End PBXSourcesBuildPhase section */

/* Begin PBXTargetDependency section */
		8CC3B2112ADFE3A40069F67E /* PBXTargetDependency */ = {
			isa = PBXTargetDependency;
			target = 8CC3B1F82ADFE3A20069F67E /* XCODECloudSampleiOS */;
			targetProxy = 8CC3B2102ADFE3A40069F67E /* PBXContainerItemProxy */;
		};
		8CC3B21B2ADFE3A40069F67E /* PBXTargetDependency */ = {
			isa = PBXTargetDependency;
			target = 8CC3B1F82ADFE3A20069F67E /* XCODECloudSampleiOS */;
			targetProxy = 8CC3B21A2ADFE3A40069F67E /* PBXContainerItemProxy */;
		};
/* End PBXTargetDependency section */

/* Begin PBXVariantGroup section */
		8CC3B2022ADFE3A20069F67E /* Main.storyboard */ = {
			isa = PBXVariantGroup;
			children = (
				8CC3B2032ADFE3A20069F67E /* Base */,
			);
			name = Main.storyboard;
			sourceTree = "<group>";
		};
		8CC3B2072ADFE3A40069F67E /* LaunchScreen.storyboard */ = {
			isa = PBXVariantGroup;
			children = (
				8CC3B2082ADFE3A40069F67E /* Base */,
			);
			name = LaunchScreen.storyboard;
			sourceTree = "<group>";
		};
/* End PBXVariantGroup section */

/* Begin XCBuildConfiguration section */
		8CC3B2212ADFE3A40069F67E /* Debug */ = {
			isa = XCBuildConfiguration;
			buildSettings = {
				ALWAYS_SEARCH_USER_PATHS = NO;
				CLANG_ANALYZER_NONNULL = YES;
				CLANG_ANALYZER_NUMBER_OBJECT_CONVERSION = YES_AGGRESSIVE;
				CLANG_CXX_LANGUAGE_STANDARD = "gnu++20";
				CLANG_ENABLE_MODULES = YES;
				CLANG_ENABLE_OBJC_ARC = YES;
				CLANG_ENABLE_OBJC_WEAK = YES;
				CLANG_WARN_BLOCK_CAPTURE_AUTORELEASING = YES;
				CLANG_WARN_BOOL_CONVERSION = YES;
				CLANG_WARN_COMMA = YES;
				CLANG_WARN_CONSTANT_CONVERSION = YES;
				CLANG_WARN_DEPRECATED_OBJC_IMPLEMENTATIONS = YES;
				CLANG_WARN_DIRECT_OBJC_ISA_USAGE = YES_ERROR;
				CLANG_WARN_DOCUMENTATION_COMMENTS = YES;
				CLANG_WARN_EMPTY_BODY = YES;
				CLANG_WARN_ENUM_CONVERSION = YES;
				CLANG_WARN_INFINITE_RECURSION = YES;
				CLANG_WARN_INT_CONVERSION = YES;
				CLANG_WARN_NON_LITERAL_NULL_CONVERSION = YES;
				CLANG_WARN_OBJC_IMPLICIT_RETAIN_SELF = YES;
				CLANG_WARN_OBJC_LITERAL_CONVERSION = YES;
				CLANG_WARN_OBJC_ROOT_CLASS = YES_ERROR;
				CLANG_WARN_QUOTED_INCLUDE_IN_FRAMEWORK_HEADER = YES;
				CLANG_WARN_RANGE_LOOP_ANALYSIS = YES;
				CLANG_WARN_STRICT_PROTOTYPES = YES;
				CLANG_WARN_SUSPICIOUS_MOVE = YES;
				CLANG_WARN_UNGUARDED_AVAILABILITY = YES_AGGRESSIVE;
				CLANG_WARN_UNREACHABLE_CODE = YES;
				CLANG_WARN__DUPLICATE_METHOD_MATCH = YES;
				COPY_PHASE_STRIP = NO;
				DEBUG_INFORMATION_FORMAT = dwarf;
				ENABLE_STRICT_OBJC_MSGSEND = YES;
				ENABLE_TESTABILITY = YES;
				GCC_C_LANGUAGE_STANDARD = gnu11;
				GCC_DYNAMIC_NO_PIC = NO;
				GCC_NO_COMMON_BLOCKS = YES;
				GCC_OPTIMIZATION_LEVEL = 0;
				GCC_PREPROCESSOR_DEFINITIONS = (
					"DEBUG=1",
					"$(inherited)",
				);
				GCC_WARN_64_TO_32_BIT_CONVERSION = YES;
				GCC_WARN_ABOUT_RETURN_TYPE = YES_ERROR;
				GCC_WARN_UNDECLARED_SELECTOR = YES;
				GCC_WARN_UNINITIALIZED_AUTOS = YES_AGGRESSIVE;
				GCC_WARN_UNUSED_FUNCTION = YES;
				GCC_WARN_UNUSED_VARIABLE = YES;
				IPHONEOS_DEPLOYMENT_TARGET = 16.4;
				MTL_ENABLE_DEBUG_INFO = INCLUDE_SOURCE;
				MTL_FAST_MATH = YES;
				ONLY_ACTIVE_ARCH = YES;
				SDKROOT = iphoneos;
				SWIFT_ACTIVE_COMPILATION_CONDITIONS = DEBUG;
				SWIFT_OPTIMIZATION_LEVEL = "-Onone";
			};
			name = Debug;
		};
		8CC3B2222ADFE3A40069F67E /* Release */ = {
			isa = XCBuildConfiguration;
			buildSettings = {
				ALWAYS_SEARCH_USER_PATHS = NO;
				CLANG_ANALYZER_NONNULL = YES;
				CLANG_ANALYZER_NUMBER_OBJECT_CONVERSION = YES_AGGRESSIVE;
				CLANG_CXX_LANGUAGE_STANDARD = "gnu++20";
				CLANG_ENABLE_MODULES = YES;
				CLANG_ENABLE_OBJC_ARC = YES;
				CLANG_ENABLE_OBJC_WEAK = YES;
				CLANG_WARN_BLOCK_CAPTURE_AUTORELEASING = YES;
				CLANG_WARN_BOOL_CONVERSION = YES;
				CLANG_WARN_COMMA = YES;
				CLANG_WARN_CONSTANT_CONVERSION = YES;
				CLANG_WARN_DEPRECATED_OBJC_IMPLEMENTATIONS = YES;
				CLANG_WARN_DIRECT_OBJC_ISA_USAGE = YES_ERROR;
				CLANG_WARN_DOCUMENTATION_COMMENTS = YES;
				CLANG_WARN_EMPTY_BODY = YES;
				CLANG_WARN_ENUM_CONVERSION = YES;
				CLANG_WARN_INFINITE_RECURSION = YES;
				CLANG_WARN_INT_CONVERSION = YES;
				CLANG_WARN_NON_LITERAL_NULL_CONVERSION = YES;
				CLANG_WARN_OBJC_IMPLICIT_RETAIN_SELF = YES;
				CLANG_WARN_OBJC_LITERAL_CONVERSION = YES;
				CLANG_WARN_OBJC_ROOT_CLASS = YES_ERROR;
				CLANG_WARN_QUOTED_INCLUDE_IN_FRAMEWORK_HEADER = YES;
				CLANG_WARN_RANGE_LOOP_ANALYSIS = YES;
				CLANG_WARN_STRICT_PROTOTYPES = YES;
				CLANG_WARN_SUSPICIOUS_MOVE = YES;
				CLANG_WARN_UNGUARDED_AVAILABILITY = YES_AGGRESSIVE;
				CLANG_WARN_UNREACHABLE_CODE = YES;
				CLANG_WARN__DUPLICATE_METHOD_MATCH = YES;
				COPY_PHASE_STRIP = NO;
				DEBUG_INFORMATION_FORMAT = "dwarf-with-dsym";
				ENABLE_NS_ASSERTIONS = NO;
				ENABLE_STRICT_OBJC_MSGSEND = YES;
				GCC_C_LANGUAGE_STANDARD = gnu11;
				GCC_NO_COMMON_BLOCKS = YES;
				GCC_WARN_64_TO_32_BIT_CONVERSION = YES;
				GCC_WARN_ABOUT_RETURN_TYPE = YES_ERROR;
				GCC_WARN_UNDECLARED_SELECTOR = YES;
				GCC_WARN_UNINITIALIZED_AUTOS = YES_AGGRESSIVE;
				GCC_WARN_UNUSED_FUNCTION = YES;
				GCC_WARN_UNUSED_VARIABLE = YES;
				IPHONEOS_DEPLOYMENT_TARGET = 16.4;
				MTL_ENABLE_DEBUG_INFO = NO;
				MTL_FAST_MATH = YES;
				SDKROOT = iphoneos;
				SWIFT_COMPILATION_MODE = wholemodule;
				SWIFT_OPTIMIZATION_LEVEL = "-O";
				VALIDATE_PRODUCT = YES;
			};
			name = Release;
		};
		8CC3B2242ADFE3A40069F67E /* Debug */ = {
			isa = XCBuildConfiguration;
			baseConfigurationReference = 3FDD621A2A97465F536201FB /* Pods-XCODECloudSampleiOS.debug.xcconfig */;
			buildSettings = {
				ASSETCATALOG_COMPILER_APPICON_NAME = AppIcon;
				ASSETCATALOG_COMPILER_GLOBAL_ACCENT_COLOR_NAME = AccentColor;
				CODE_SIGN_IDENTITY = "iPhone Developer: Pradip Walghude (4M637K5D7Y)";
				"CODE_SIGN_IDENTITY[sdk=iphoneos*]" = "iPhone Developer: Pradip Walghude (4M637K5D7Y)";
				CODE_SIGN_STYLE = Manual;
				CURRENT_PROJECT_VERSION = 1;
				DEVELOPMENT_TEAM = "";
				"DEVELOPMENT_TEAM[sdk=iphoneos*]" = 6ZX93FC9AG;
				GENERATE_INFOPLIST_FILE = YES;
				INFOPLIST_FILE = XCODECloudSampleiOS/Info.plist;
				INFOPLIST_KEY_UIApplicationSupportsIndirectInputEvents = YES;
				INFOPLIST_KEY_UILaunchStoryboardName = LaunchScreen;
				INFOPLIST_KEY_UIMainStoryboardFile = Main;
				INFOPLIST_KEY_UISupportedInterfaceOrientations_iPad = "UIInterfaceOrientationPortrait UIInterfaceOrientationPortraitUpsideDown UIInterfaceOrientationLandscapeLeft UIInterfaceOrientationLandscapeRight";
				INFOPLIST_KEY_UISupportedInterfaceOrientations_iPhone = "UIInterfaceOrientationPortrait UIInterfaceOrientationLandscapeLeft UIInterfaceOrientationLandscapeRight";
				LD_RUNPATH_SEARCH_PATHS = (
					"$(inherited)",
					"@executable_path/Frameworks",
				);
				MARKETING_VERSION = 1.0;
				PRODUCT_BUNDLE_IDENTIFIER = "com.zsa.dt-sd-demo";
				PRODUCT_NAME = "$(TARGET_NAME)";
				PROVISIONING_PROFILE_SPECIFIER = "";
				"PROVISIONING_PROFILE_SPECIFIER[sdk=iphoneos*]" = "DT Demo App";
				SWIFT_EMIT_LOC_STRINGS = YES;
				SWIFT_VERSION = 5.0;
				TARGETED_DEVICE_FAMILY = "1,2";
			};
			name = Debug;
		};
		8CC3B2252ADFE3A40069F67E /* Release */ = {
			isa = XCBuildConfiguration;
			baseConfigurationReference = F47288E8CD89213A68C6750A /* Pods-XCODECloudSampleiOS.release.xcconfig */;
			buildSettings = {
				ASSETCATALOG_COMPILER_APPICON_NAME = AppIcon;
				ASSETCATALOG_COMPILER_GLOBAL_ACCENT_COLOR_NAME = AccentColor;
				CODE_SIGN_IDENTITY = "iPhone Developer: Pradip Walghude (4M637K5D7Y)";
				"CODE_SIGN_IDENTITY[sdk=iphoneos*]" = "iPhone Developer: Pradip Walghude (4M637K5D7Y)";
				CODE_SIGN_STYLE = Manual;
				CURRENT_PROJECT_VERSION = 1;
				DEVELOPMENT_TEAM = "";
				"DEVELOPMENT_TEAM[sdk=iphoneos*]" = 6ZX93FC9AG;
				GENERATE_INFOPLIST_FILE = YES;
				INFOPLIST_FILE = XCODECloudSampleiOS/Info.plist;
				INFOPLIST_KEY_UIApplicationSupportsIndirectInputEvents = YES;
				INFOPLIST_KEY_UILaunchStoryboardName = LaunchScreen;
				INFOPLIST_KEY_UIMainStoryboardFile = Main;
				INFOPLIST_KEY_UISupportedInterfaceOrientations_iPad = "UIInterfaceOrientationPortrait UIInterfaceOrientationPortraitUpsideDown UIInterfaceOrientationLandscapeLeft UIInterfaceOrientationLandscapeRight";
				INFOPLIST_KEY_UISupportedInterfaceOrientations_iPhone = "UIInterfaceOrientationPortrait UIInterfaceOrientationLandscapeLeft UIInterfaceOrientationLandscapeRight";
				LD_RUNPATH_SEARCH_PATHS = (
					"$(inherited)",
					"@executable_path/Frameworks",
				);
				MARKETING_VERSION = 1.0;
				PRODUCT_BUNDLE_IDENTIFIER = "com.zsa.dt-sd-demo";
				PRODUCT_NAME = "$(TARGET_NAME)";
				PROVISIONING_PROFILE_SPECIFIER = "";
				"PROVISIONING_PROFILE_SPECIFIER[sdk=iphoneos*]" = "DT Demo App";
				SWIFT_EMIT_LOC_STRINGS = YES;
				SWIFT_VERSION = 5.0;
				TARGETED_DEVICE_FAMILY = "1,2";
			};
			name = Release;
		};
		8CC3B2272ADFE3A40069F67E /* Debug */ = {
			isa = XCBuildConfiguration;
			baseConfigurationReference = CB8453343698DD09C844710D /* Pods-XCODECloudSampleiOSTests.debug.xcconfig */;
			buildSettings = {
				ALWAYS_EMBED_SWIFT_STANDARD_LIBRARIES = YES;
				BUNDLE_LOADER = "$(TEST_HOST)";
				CODE_SIGN_STYLE = Automatic;
				CURRENT_PROJECT_VERSION = 1;
				DEVELOPMENT_TEAM = 96A654N3D2;
				GENERATE_INFOPLIST_FILE = YES;
				IPHONEOS_DEPLOYMENT_TARGET = 16.4;
				MARKETING_VERSION = 1.0;
				PRODUCT_BUNDLE_IDENTIFIER = ZSA.XCODECloudSampleiOSTests;
				PRODUCT_NAME = "$(TARGET_NAME)";
				SWIFT_EMIT_LOC_STRINGS = NO;
				SWIFT_VERSION = 5.0;
				TARGETED_DEVICE_FAMILY = "1,2";
				TEST_HOST = "$(BUILT_PRODUCTS_DIR)/XCODECloudSampleiOS.app/$(BUNDLE_EXECUTABLE_FOLDER_PATH)/XCODECloudSampleiOS";
			};
			name = Debug;
		};
		8CC3B2282ADFE3A40069F67E /* Release */ = {
			isa = XCBuildConfiguration;
			baseConfigurationReference = 52C74E11913B15137DD0046D /* Pods-XCODECloudSampleiOSTests.release.xcconfig */;
			buildSettings = {
				ALWAYS_EMBED_SWIFT_STANDARD_LIBRARIES = YES;
				BUNDLE_LOADER = "$(TEST_HOST)";
				CODE_SIGN_STYLE = Automatic;
				CURRENT_PROJECT_VERSION = 1;
				DEVELOPMENT_TEAM = 96A654N3D2;
				GENERATE_INFOPLIST_FILE = YES;
				IPHONEOS_DEPLOYMENT_TARGET = 16.4;
				MARKETING_VERSION = 1.0;
				PRODUCT_BUNDLE_IDENTIFIER = ZSA.XCODECloudSampleiOSTests;
				PRODUCT_NAME = "$(TARGET_NAME)";
				SWIFT_EMIT_LOC_STRINGS = NO;
				SWIFT_VERSION = 5.0;
				TARGETED_DEVICE_FAMILY = "1,2";
				TEST_HOST = "$(BUILT_PRODUCTS_DIR)/XCODECloudSampleiOS.app/$(BUNDLE_EXECUTABLE_FOLDER_PATH)/XCODECloudSampleiOS";
			};
			name = Release;
		};
		8CC3B22A2ADFE3A40069F67E /* Debug */ = {
			isa = XCBuildConfiguration;
			baseConfigurationReference = C97CE7B040C72B70828AF6BE /* Pods-XCODECloudSampleiOS-XCODECloudSampleiOSUITests.debug.xcconfig */;
			buildSettings = {
				ALWAYS_EMBED_SWIFT_STANDARD_LIBRARIES = YES;
				CODE_SIGN_STYLE = Automatic;
				CURRENT_PROJECT_VERSION = 1;
				DEVELOPMENT_TEAM = 96A654N3D2;
				GENERATE_INFOPLIST_FILE = YES;
				MARKETING_VERSION = 1.0;
				PRODUCT_BUNDLE_IDENTIFIER = ZSA.XCODECloudSampleiOSUITests;
				PRODUCT_NAME = "$(TARGET_NAME)";
				SWIFT_EMIT_LOC_STRINGS = NO;
				SWIFT_VERSION = 5.0;
				TARGETED_DEVICE_FAMILY = "1,2";
				TEST_TARGET_NAME = XCODECloudSampleiOS;
			};
			name = Debug;
		};
		8CC3B22B2ADFE3A40069F67E /* Release */ = {
			isa = XCBuildConfiguration;
			baseConfigurationReference = 72DF1198E95BF816049B8EA2 /* Pods-XCODECloudSampleiOS-XCODECloudSampleiOSUITests.release.xcconfig */;
			buildSettings = {
				ALWAYS_EMBED_SWIFT_STANDARD_LIBRARIES = YES;
				CODE_SIGN_STYLE = Automatic;
				CURRENT_PROJECT_VERSION = 1;
				DEVELOPMENT_TEAM = 96A654N3D2;
				GENERATE_INFOPLIST_FILE = YES;
				MARKETING_VERSION = 1.0;
				PRODUCT_BUNDLE_IDENTIFIER = ZSA.XCODECloudSampleiOSUITests;
				PRODUCT_NAME = "$(TARGET_NAME)";
				SWIFT_EMIT_LOC_STRINGS = NO;
				SWIFT_VERSION = 5.0;
				TARGETED_DEVICE_FAMILY = "1,2";
				TEST_TARGET_NAME = XCODECloudSampleiOS;
			};
			name = Release;
		};
/* End XCBuildConfiguration section */

/* Begin XCConfigurationList section */
		8CC3B1F42ADFE3A20069F67E /* Build configuration list for PBXProject "XCODECloudSampleiOS" */ = {
			isa = XCConfigurationList;
			buildConfigurations = (
				8CC3B2212ADFE3A40069F67E /* Debug */,
				8CC3B2222ADFE3A40069F67E /* Release */,
			);
			defaultConfigurationIsVisible = 0;
			defaultConfigurationName = Release;
		};
		8CC3B2232ADFE3A40069F67E /* Build configuration list for PBXNativeTarget "XCODECloudSampleiOS" */ = {
			isa = XCConfigurationList;
			buildConfigurations = (
				8CC3B2242ADFE3A40069F67E /* Debug */,
				8CC3B2252ADFE3A40069F67E /* Release */,
			);
			defaultConfigurationIsVisible = 0;
			defaultConfigurationName = Release;
		};
		8CC3B2262ADFE3A40069F67E /* Build configuration list for PBXNativeTarget "XCODECloudSampleiOSTests" */ = {
			isa = XCConfigurationList;
			buildConfigurations = (
				8CC3B2272ADFE3A40069F67E /* Debug */,
				8CC3B2282ADFE3A40069F67E /* Release */,
			);
			defaultConfigurationIsVisible = 0;
			defaultConfigurationName = Release;
		};
		8CC3B2292ADFE3A40069F67E /* Build configuration list for PBXNativeTarget "XCODECloudSampleiOSUITests" */ = {
			isa = XCConfigurationList;
			buildConfigurations = (
				8CC3B22A2ADFE3A40069F67E /* Debug */,
				8CC3B22B2ADFE3A40069F67E /* Release */,
			);
			defaultConfigurationIsVisible = 0;
			defaultConfigurationName = Release;
		};
/* End XCConfigurationList section */
	};
	rootObject = 8CC3B1F12ADFE3A20069F67E /* Project object */;
}
